// !$*UTF8*$!
{
	archiveVersion = 1;
	classes = {
	};
	objectVersion = 45;
	objects = {

/* Begin PBXBuildFile section */
		1DDD58160DA1D0A300B32029 /* MainMenu.xib in Resources */ = {isa = PBXBuildFile; fileRef = 1DDD58140DA1D0A300B32029 /* MainMenu.xib */; };
		256AC3DA0F4B6AC300CF3369 /* QuickDoubanAppDelegate.m in Sources */ = {isa = PBXBuildFile; fileRef = 256AC3D90F4B6AC300CF3369 /* QuickDoubanAppDelegate.m */; };
		8D11072B0486CEB800E47090 /* InfoPlist.strings in Resources */ = {isa = PBXBuildFile; fileRef = 089C165CFE840E0CC02AAC07 /* InfoPlist.strings */; };
		8D11072D0486CEB800E47090 /* main.m in Sources */ = {isa = PBXBuildFile; fileRef = 29B97316FDCFA39411CA2CEA /* main.m */; settings = {ATTRIBUTES = (); }; };
		8D11072F0486CEB800E47090 /* Cocoa.framework in Frameworks */ = {isa = PBXBuildFile; fileRef = 1058C7A1FEA54F0111CA2CBB /* Cocoa.framework */; };
		DC217E9C13106CC90084C7CD /* RestService.m in Sources */ = {isa = PBXBuildFile; fileRef = DC217E9B13106CC90084C7CD /* RestService.m */; };
		DC217EC11310771C0084C7CD /* BaseDoubanSearcher.m in Sources */ = {isa = PBXBuildFile; fileRef = DC217EC01310771C0084C7CD /* BaseDoubanSearcher.m */; };
		DC804F0E131CC85100DE8FD6 /* Quartz.framework in Frameworks */ = {isa = PBXBuildFile; fileRef = DC804F0D131CC85100DE8FD6 /* Quartz.framework */; };
		DC805017131DF0C800DE8FD6 /* SearchBarWindowController.m in Sources */ = {isa = PBXBuildFile; fileRef = DC805016131DF0C800DE8FD6 /* SearchBarWindowController.m */; };
		DC80501C131DF0F700DE8FD6 /* SearchBarWindowController.xib in Resources */ = {isa = PBXBuildFile; fileRef = DC80501B131DF0F700DE8FD6 /* SearchBarWindowController.xib */; };
		DC866D38131756770053100C /* NSObject+SBJSON.m in Sources */ = {isa = PBXBuildFile; fileRef = DC866D2F131756770053100C /* NSObject+SBJSON.m */; };
		DC866D39131756770053100C /* NSString+SBJSON.m in Sources */ = {isa = PBXBuildFile; fileRef = DC866D31131756770053100C /* NSString+SBJSON.m */; };
		DC866D3A131756770053100C /* SBJsonBase.m in Sources */ = {isa = PBXBuildFile; fileRef = DC866D33131756770053100C /* SBJsonBase.m */; };
		DC866D3B131756770053100C /* SBJsonParser.m in Sources */ = {isa = PBXBuildFile; fileRef = DC866D35131756770053100C /* SBJsonParser.m */; };
		DC866D3C131756770053100C /* SBJsonWriter.m in Sources */ = {isa = PBXBuildFile; fileRef = DC866D37131756770053100C /* SBJsonWriter.m */; };
		DC866D5B13175A7D0053100C /* MAAttachedWindow.m in Sources */ = {isa = PBXBuildFile; fileRef = DC866D5A13175A7D0053100C /* MAAttachedWindow.m */; };
		DC866FC513177A8B0053100C /* QuickDoubanCardView.xib in Resources */ = {isa = PBXBuildFile; fileRef = DC866FC413177A8B0053100C /* QuickDoubanCardView.xib */; };
		DC866FC913177D460053100C /* QuickDoubanCardViewController.m in Sources */ = {isa = PBXBuildFile; fileRef = DC866FC813177D460053100C /* QuickDoubanCardViewController.m */; };
		DC9F473B130CDA8B00B81679 /* SearchController.m in Sources */ = {isa = PBXBuildFile; fileRef = DC9F473A130CDA8B00B81679 /* SearchController.m */; };
/* End PBXBuildFile section */

/* Begin PBXFileReference section */
		089C165DFE840E0CC02AAC07 /* English */ = {isa = PBXFileReference; fileEncoding = 4; lastKnownFileType = text.plist.strings; name = English; path = English.lproj/InfoPlist.strings; sourceTree = "<group>"; };
		1058C7A1FEA54F0111CA2CBB /* Cocoa.framework */ = {isa = PBXFileReference; lastKnownFileType = wrapper.framework; name = Cocoa.framework; path = /System/Library/Frameworks/Cocoa.framework; sourceTree = "<absolute>"; };
		13E42FB307B3F0F600E4EEF1 /* CoreData.framework */ = {isa = PBXFileReference; lastKnownFileType = wrapper.framework; name = CoreData.framework; path = /System/Library/Frameworks/CoreData.framework; sourceTree = "<absolute>"; };
		1DDD58150DA1D0A300B32029 /* English */ = {isa = PBXFileReference; lastKnownFileType = file.xib; name = English; path = English.lproj/MainMenu.xib; sourceTree = "<group>"; };
		256AC3D80F4B6AC300CF3369 /* QuickDoubanAppDelegate.h */ = {isa = PBXFileReference; fileEncoding = 4; lastKnownFileType = sourcecode.c.h; path = QuickDoubanAppDelegate.h; sourceTree = "<group>"; };
		256AC3D90F4B6AC300CF3369 /* QuickDoubanAppDelegate.m */ = {isa = PBXFileReference; fileEncoding = 4; lastKnownFileType = sourcecode.c.objc; path = QuickDoubanAppDelegate.m; sourceTree = "<group>"; };
		256AC3F00F4B6AF500CF3369 /* QuickDouban_Prefix.pch */ = {isa = PBXFileReference; fileEncoding = 4; lastKnownFileType = sourcecode.c.h; path = QuickDouban_Prefix.pch; sourceTree = "<group>"; };
		29B97316FDCFA39411CA2CEA /* main.m */ = {isa = PBXFileReference; fileEncoding = 4; lastKnownFileType = sourcecode.c.objc; path = main.m; sourceTree = "<group>"; };
		29B97324FDCFA39411CA2CEA /* AppKit.framework */ = {isa = PBXFileReference; lastKnownFileType = wrapper.framework; name = AppKit.framework; path = /System/Library/Frameworks/AppKit.framework; sourceTree = "<absolute>"; };
		29B97325FDCFA39411CA2CEA /* Foundation.framework */ = {isa = PBXFileReference; lastKnownFileType = wrapper.framework; name = Foundation.framework; path = /System/Library/Frameworks/Foundation.framework; sourceTree = "<absolute>"; };
		8D1107310486CEB800E47090 /* QuickDouban-Info.plist */ = {isa = PBXFileReference; fileEncoding = 4; lastKnownFileType = text.plist.xml; path = "QuickDouban-Info.plist"; sourceTree = "<group>"; };
		8D1107320486CEB800E47090 /* QuickDouban.app */ = {isa = PBXFileReference; explicitFileType = wrapper.application; includeInIndex = 0; path = QuickDouban.app; sourceTree = BUILT_PRODUCTS_DIR; };
		DC217E9A13106CC90084C7CD /* RestService.h */ = {isa = PBXFileReference; fileEncoding = 4; lastKnownFileType = sourcecode.c.h; name = RestService.h; path = RestService/RestService.h; sourceTree = SOURCE_ROOT; };
		DC217E9B13106CC90084C7CD /* RestService.m */ = {isa = PBXFileReference; fileEncoding = 4; lastKnownFileType = sourcecode.c.objc; name = RestService.m; path = RestService/RestService.m; sourceTree = SOURCE_ROOT; };
		DC217EA21310745C0084C7CD /* BaseDoubanSearcher.h */ = {isa = PBXFileReference; fileEncoding = 4; lastKnownFileType = sourcecode.c.h; path = BaseDoubanSearcher.h; sourceTree = "<group>"; };
		DC217EC01310771C0084C7CD /* BaseDoubanSearcher.m */ = {isa = PBXFileReference; fileEncoding = 4; lastKnownFileType = sourcecode.c.objc; path = BaseDoubanSearcher.m; sourceTree = "<group>"; };
		DC804F0D131CC85100DE8FD6 /* Quartz.framework */ = {isa = PBXFileReference; lastKnownFileType = wrapper.framework; name = Quartz.framework; path = System/Library/Frameworks/Quartz.framework; sourceTree = SDKROOT; };
		DC805015131DF0C800DE8FD6 /* SearchBarWindowController.h */ = {isa = PBXFileReference; fileEncoding = 4; lastKnownFileType = sourcecode.c.h; path = SearchBarWindowController.h; sourceTree = "<group>"; };
		DC805016131DF0C800DE8FD6 /* SearchBarWindowController.m */ = {isa = PBXFileReference; fileEncoding = 4; lastKnownFileType = sourcecode.c.objc; path = SearchBarWindowController.m; sourceTree = "<group>"; };
		DC80501B131DF0F700DE8FD6 /* SearchBarWindowController.xib */ = {isa = PBXFileReference; lastKnownFileType = file.xib; path = SearchBarWindowController.xib; sourceTree = "<group>"; };
		DC866D2D131756770053100C /* JSON.h */ = {isa = PBXFileReference; fileEncoding = 4; lastKnownFileType = sourcecode.c.h; path = JSON.h; sourceTree = SOURCE_ROOT; };
		DC866D2E131756770053100C /* NSObject+SBJSON.h */ = {isa = PBXFileReference; fileEncoding = 4; lastKnownFileType = sourcecode.c.h; path = "NSObject+SBJSON.h"; sourceTree = SOURCE_ROOT; };
		DC866D2F131756770053100C /* NSObject+SBJSON.m */ = {isa = PBXFileReference; fileEncoding = 4; lastKnownFileType = sourcecode.c.objc; path = "NSObject+SBJSON.m"; sourceTree = SOURCE_ROOT; };
		DC866D30131756770053100C /* NSString+SBJSON.h */ = {isa = PBXFileReference; fileEncoding = 4; lastKnownFileType = sourcecode.c.h; path = "NSString+SBJSON.h"; sourceTree = SOURCE_ROOT; };
		DC866D31131756770053100C /* NSString+SBJSON.m */ = {isa = PBXFileReference; fileEncoding = 4; lastKnownFileType = sourcecode.c.objc; path = "NSString+SBJSON.m"; sourceTree = SOURCE_ROOT; };
		DC866D32131756770053100C /* SBJsonBase.h */ = {isa = PBXFileReference; fileEncoding = 4; lastKnownFileType = sourcecode.c.h; path = SBJsonBase.h; sourceTree = SOURCE_ROOT; };
		DC866D33131756770053100C /* SBJsonBase.m */ = {isa = PBXFileReference; fileEncoding = 4; lastKnownFileType = sourcecode.c.objc; path = SBJsonBase.m; sourceTree = SOURCE_ROOT; };
		DC866D34131756770053100C /* SBJsonParser.h */ = {isa = PBXFileReference; fileEncoding = 4; lastKnownFileType = sourcecode.c.h; path = SBJsonParser.h; sourceTree = SOURCE_ROOT; };
		DC866D35131756770053100C /* SBJsonParser.m */ = {isa = PBXFileReference; fileEncoding = 4; lastKnownFileType = sourcecode.c.objc; path = SBJsonParser.m; sourceTree = SOURCE_ROOT; };
		DC866D36131756770053100C /* SBJsonWriter.h */ = {isa = PBXFileReference; fileEncoding = 4; lastKnownFileType = sourcecode.c.h; path = SBJsonWriter.h; sourceTree = SOURCE_ROOT; };
		DC866D37131756770053100C /* SBJsonWriter.m */ = {isa = PBXFileReference; fileEncoding = 4; lastKnownFileType = sourcecode.c.objc; path = SBJsonWriter.m; sourceTree = SOURCE_ROOT; };
		DC866D5913175A7D0053100C /* MAAttachedWindow.h */ = {isa = PBXFileReference; fileEncoding = 4; lastKnownFileType = sourcecode.c.h; path = MAAttachedWindow.h; sourceTree = "<group>"; };
		DC866D5A13175A7D0053100C /* MAAttachedWindow.m */ = {isa = PBXFileReference; fileEncoding = 4; lastKnownFileType = sourcecode.c.objc; path = MAAttachedWindow.m; sourceTree = "<group>"; };
		DC866EEE131761AF0053100C /* QuickDoubanBase.h */ = {isa = PBXFileReference; fileEncoding = 4; lastKnownFileType = sourcecode.c.h; path = QuickDoubanBase.h; sourceTree = "<group>"; };
		DC866FC413177A8B0053100C /* QuickDoubanCardView.xib */ = {isa = PBXFileReference; lastKnownFileType = file.xib; path = QuickDoubanCardView.xib; sourceTree = "<group>"; };
		DC866FC713177D460053100C /* QuickDoubanCardViewController.h */ = {isa = PBXFileReference; fileEncoding = 4; lastKnownFileType = sourcecode.c.h; path = QuickDoubanCardViewController.h; sourceTree = "<group>"; };
		DC866FC813177D460053100C /* QuickDoubanCardViewController.m */ = {isa = PBXFileReference; fileEncoding = 4; lastKnownFileType = sourcecode.c.objc; path = QuickDoubanCardViewController.m; sourceTree = "<group>"; };
		DC9F4739130CDA8B00B81679 /* SearchController.h */ = {isa = PBXFileReference; fileEncoding = 4; lastKnownFileType = sourcecode.c.h; path = SearchController.h; sourceTree = "<group>"; };
		DC9F473A130CDA8B00B81679 /* SearchController.m */ = {isa = PBXFileReference; fileEncoding = 4; lastKnownFileType = sourcecode.c.objc; path = SearchController.m; sourceTree = "<group>"; };
/* End PBXFileReference section */

/* Begin PBXFrameworksBuildPhase section */
		8D11072E0486CEB800E47090 /* Frameworks */ = {
			isa = PBXFrameworksBuildPhase;
			buildActionMask = 2147483647;
			files = (
				8D11072F0486CEB800E47090 /* Cocoa.framework in Frameworks */,
				DC804F0E131CC85100DE8FD6 /* Quartz.framework in Frameworks */,
			);
			runOnlyForDeploymentPostprocessing = 0;
		};
/* End PBXFrameworksBuildPhase section */

/* Begin PBXGroup section */
		080E96DDFE201D6D7F000001 /* Classes */ = {
			isa = PBXGroup;
			children = (
				256AC3D80F4B6AC300CF3369 /* QuickDoubanAppDelegate.h */,
				256AC3D90F4B6AC300CF3369 /* QuickDoubanAppDelegate.m */,
			);
			name = Classes;
			sourceTree = "<group>";
		};
		1058C7A0FEA54F0111CA2CBB /* Linked Frameworks */ = {
			isa = PBXGroup;
			children = (
				1058C7A1FEA54F0111CA2CBB /* Cocoa.framework */,
			);
			name = "Linked Frameworks";
			sourceTree = "<group>";
		};
		1058C7A2FEA54F0111CA2CBB /* Other Frameworks */ = {
			isa = PBXGroup;
			children = (
				DC804F0D131CC85100DE8FD6 /* Quartz.framework */,
				29B97324FDCFA39411CA2CEA /* AppKit.framework */,
				13E42FB307B3F0F600E4EEF1 /* CoreData.framework */,
				29B97325FDCFA39411CA2CEA /* Foundation.framework */,
			);
			name = "Other Frameworks";
			sourceTree = "<group>";
		};
		19C28FACFE9D520D11CA2CBB /* Products */ = {
			isa = PBXGroup;
			children = (
				8D1107320486CEB800E47090 /* QuickDouban.app */,
			);
			name = Products;
			sourceTree = "<group>";
		};
		29B97314FDCFA39411CA2CEA /* QuickDouban */ = {
			isa = PBXGroup;
			children = (
				DC217D83130CF5D60084C7CD /* lib */,
				080E96DDFE201D6D7F000001 /* Classes */,
				DC217E9D13106FF00084C7CD /* Models */,
				29B97315FDCFA39411CA2CEA /* Other Sources */,
				29B97317FDCFA39411CA2CEA /* Resources */,
				29B97323FDCFA39411CA2CEA /* Frameworks */,
				19C28FACFE9D520D11CA2CBB /* Products */,
			);
			name = QuickDouban;
			sourceTree = "<group>";
		};
		29B97315FDCFA39411CA2CEA /* Other Sources */ = {
			isa = PBXGroup;
			children = (
				256AC3F00F4B6AF500CF3369 /* QuickDouban_Prefix.pch */,
				29B97316FDCFA39411CA2CEA /* main.m */,
			);
			name = "Other Sources";
			sourceTree = "<group>";
		};
		29B97317FDCFA39411CA2CEA /* Resources */ = {
			isa = PBXGroup;
			children = (
				8D1107310486CEB800E47090 /* QuickDouban-Info.plist */,
				089C165CFE840E0CC02AAC07 /* InfoPlist.strings */,
				1DDD58140DA1D0A300B32029 /* MainMenu.xib */,
				DC866FC413177A8B0053100C /* QuickDoubanCardView.xib */,
				DC80501B131DF0F700DE8FD6 /* SearchBarWindowController.xib */,
			);
			name = Resources;
			sourceTree = "<group>";
		};
		29B97323FDCFA39411CA2CEA /* Frameworks */ = {
			isa = PBXGroup;
			children = (
				1058C7A0FEA54F0111CA2CBB /* Linked Frameworks */,
				1058C7A2FEA54F0111CA2CBB /* Other Frameworks */,
			);
			name = Frameworks;
			sourceTree = "<group>";
		};
		DC217D83130CF5D60084C7CD /* lib */ = {
			isa = PBXGroup;
			children = (
				DC866D5713175A6B0053100C /* MAAttachedWindow */,
				DC217E9913106CC90084C7CD /* RestService */,
				DC217D85130CF5DD0084C7CD /* json */,
			);
			name = lib;
			sourceTree = "<group>";
		};
		DC217D85130CF5DD0084C7CD /* json */ = {
			isa = PBXGroup;
			children = (
				DC866D2D131756770053100C /* JSON.h */,
				DC866D2E131756770053100C /* NSObject+SBJSON.h */,
				DC866D2F131756770053100C /* NSObject+SBJSON.m */,
				DC866D30131756770053100C /* NSString+SBJSON.h */,
				DC866D31131756770053100C /* NSString+SBJSON.m */,
				DC866D32131756770053100C /* SBJsonBase.h */,
				DC866D33131756770053100C /* SBJsonBase.m */,
				DC866D34131756770053100C /* SBJsonParser.h */,
				DC866D35131756770053100C /* SBJsonParser.m */,
				DC866D36131756770053100C /* SBJsonWriter.h */,
				DC866D37131756770053100C /* SBJsonWriter.m */,
			);
			name = json;
			sourceTree = "<group>";
		};
		DC217E9913106CC90084C7CD /* RestService */ = {
			isa = PBXGroup;
			children = (
				DC217E9A13106CC90084C7CD /* RestService.h */,
				DC217E9B13106CC90084C7CD /* RestService.m */,
			);
			path = RestService;
			sourceTree = SOURCE_ROOT;
		};
		DC217E9D13106FF00084C7CD /* Models */ = {
			isa = PBXGroup;
			children = (
				DC217EA21310745C0084C7CD /* BaseDoubanSearcher.h */,
				DC217EC01310771C0084C7CD /* BaseDoubanSearcher.m */,
				DC866EEE131761AF0053100C /* QuickDoubanBase.h */,
				DC9F4739130CDA8B00B81679 /* SearchController.h */,
				DC9F473A130CDA8B00B81679 /* SearchController.m */,
				DC805015131DF0C800DE8FD6 /* SearchBarWindowController.h */,
				DC805016131DF0C800DE8FD6 /* SearchBarWindowController.m */,
				DC866FC713177D460053100C /* QuickDoubanCardViewController.h */,
				DC866FC813177D460053100C /* QuickDoubanCardViewController.m */,
			);
			name = Models;
			sourceTree = "<group>";
		};
		DC866D5713175A6B0053100C /* MAAttachedWindow */ = {
			isa = PBXGroup;
			children = (
				DC866D5913175A7D0053100C /* MAAttachedWindow.h */,
				DC866D5A13175A7D0053100C /* MAAttachedWindow.m */,
			);
			name = MAAttachedWindow;
			sourceTree = "<group>";
		};
/* End PBXGroup section */

/* Begin PBXNativeTarget section */
		8D1107260486CEB800E47090 /* QuickDouban */ = {
			isa = PBXNativeTarget;
			buildConfigurationList = C01FCF4A08A954540054247B /* Build configuration list for PBXNativeTarget "QuickDouban" */;
			buildPhases = (
				8D1107290486CEB800E47090 /* Resources */,
				8D11072C0486CEB800E47090 /* Sources */,
				8D11072E0486CEB800E47090 /* Frameworks */,
			);
			buildRules = (
			);
			dependencies = (
			);
			name = QuickDouban;
			productInstallPath = "$(HOME)/Applications";
			productName = QuickDouban;
			productReference = 8D1107320486CEB800E47090 /* QuickDouban.app */;
			productType = "com.apple.product-type.application";
		};
/* End PBXNativeTarget section */

/* Begin PBXProject section */
		29B97313FDCFA39411CA2CEA /* Project object */ = {
			isa = PBXProject;
			buildConfigurationList = C01FCF4E08A954540054247B /* Build configuration list for PBXProject "QuickDouban" */;
			compatibilityVersion = "Xcode 3.1";
			developmentRegion = English;
			hasScannedForEncodings = 1;
			knownRegions = (
				English,
				Japanese,
				French,
				German,
			);
			mainGroup = 29B97314FDCFA39411CA2CEA /* QuickDouban */;
			projectDirPath = "";
			projectRoot = "";
			targets = (
				8D1107260486CEB800E47090 /* QuickDouban */,
			);
		};
/* End PBXProject section */

/* Begin PBXResourcesBuildPhase section */
		8D1107290486CEB800E47090 /* Resources */ = {
			isa = PBXResourcesBuildPhase;
			buildActionMask = 2147483647;
			files = (
				8D11072B0486CEB800E47090 /* InfoPlist.strings in Resources */,
				1DDD58160DA1D0A300B32029 /* MainMenu.xib in Resources */,
				DC866FC513177A8B0053100C /* QuickDoubanCardView.xib in Resources */,
				DC80501C131DF0F700DE8FD6 /* SearchBarWindowController.xib in Resources */,
			);
			runOnlyForDeploymentPostprocessing = 0;
		};
/* End PBXResourcesBuildPhase section */

/* Begin PBXSourcesBuildPhase section */
		8D11072C0486CEB800E47090 /* Sources */ = {
			isa = PBXSourcesBuildPhase;
			buildActionMask = 2147483647;
			files = (
				8D11072D0486CEB800E47090 /* main.m in Sources */,
				256AC3DA0F4B6AC300CF3369 /* QuickDoubanAppDelegate.m in Sources */,
				DC9F473B130CDA8B00B81679 /* SearchController.m in Sources */,
				DC217E9C13106CC90084C7CD /* RestService.m in Sources */,
				DC217EC11310771C0084C7CD /* BaseDoubanSearcher.m in Sources */,
				DC866D38131756770053100C /* NSObject+SBJSON.m in Sources */,
				DC866D39131756770053100C /* NSString+SBJSON.m in Sources */,
				DC866D3A131756770053100C /* SBJsonBase.m in Sources */,
				DC866D3B131756770053100C /* SBJsonParser.m in Sources */,
				DC866D3C131756770053100C /* SBJsonWriter.m in Sources */,
				DC866D5B13175A7D0053100C /* MAAttachedWindow.m in Sources */,
				DC866FC913177D460053100C /* QuickDoubanCardViewController.m in Sources */,
				DC805017131DF0C800DE8FD6 /* SearchBarWindowController.m in Sources */,
			);
			runOnlyForDeploymentPostprocessing = 0;
		};
/* End PBXSourcesBuildPhase section */

/* Begin PBXVariantGroup section */
		089C165CFE840E0CC02AAC07 /* InfoPlist.strings */ = {
			isa = PBXVariantGroup;
			children = (
				089C165DFE840E0CC02AAC07 /* English */,
			);
			name = InfoPlist.strings;
			sourceTree = "<group>";
		};
		1DDD58140DA1D0A300B32029 /* MainMenu.xib */ = {
			isa = PBXVariantGroup;
			children = (
				1DDD58150DA1D0A300B32029 /* English */,
			);
			name = MainMenu.xib;
			sourceTree = "<group>";
		};
/* End PBXVariantGroup section */

/* Begin XCBuildConfiguration section */
		C01FCF4B08A954540054247B /* Debug */ = {
			isa = XCBuildConfiguration;
			buildSettings = {
				ALWAYS_SEARCH_USER_PATHS = NO;
				COPY_PHASE_STRIP = NO;
				GCC_DYNAMIC_NO_PIC = NO;
				GCC_ENABLE_FIX_AND_CONTINUE = YES;
				GCC_MODEL_TUNING = G5;
				GCC_OPTIMIZATION_LEVEL = 0;
				GCC_PRECOMPILE_PREFIX_HEADER = YES;
				GCC_PREFIX_HEADER = QuickDouban_Prefix.pch;
				INFOPLIST_FILE = "QuickDouban-Info.plist";
				INSTALL_PATH = "$(HOME)/Applications";
				PRODUCT_NAME = QuickDouban;
			};
			name = Debug;
		};
		C01FCF4C08A954540054247B /* Release */ = {
			isa = XCBuildConfiguration;
			buildSettings = {
				ALWAYS_SEARCH_USER_PATHS = NO;
				DEBUG_INFORMATION_FORMAT = "dwarf-with-dsym";
				GCC_MODEL_TUNING = G5;
				GCC_PRECOMPILE_PREFIX_HEADER = YES;
				GCC_PREFIX_HEADER = QuickDouban_Prefix.pch;
				INFOPLIST_FILE = "QuickDouban-Info.plist";
				INSTALL_PATH = "$(HOME)/Applications";
				PRODUCT_NAME = QuickDouban;
			};
			name = Release;
		};
		C01FCF4F08A954540054247B /* Debug */ = {
			isa = XCBuildConfiguration;
			buildSettings = {
				ARCHS = "$(ARCHS_STANDARD_32_64_BIT)";
				GCC_C_LANGUAGE_STANDARD = gnu99;
				GCC_OPTIMIZATION_LEVEL = 0;
				GCC_WARN_ABOUT_RETURN_TYPE = YES;
				GCC_WARN_UNUSED_VARIABLE = YES;
				ONLY_ACTIVE_ARCH = YES;
				PREBINDING = NO;
				SDKROOT = macosx10.6;
			};
			name = Debug;
		};
		C01FCF5008A954540054247B /* Release */ = {
			isa = XCBuildConfiguration;
			buildSettings = {
				ARCHS = "$(ARCHS_STANDARD_32_64_BIT)";
				GCC_C_LANGUAGE_STANDARD = gnu99;
				GCC_WARN_ABOUT_RETURN_TYPE = YES;
				GCC_WARN_UNUSED_VARIABLE = YES;
				PREBINDING = NO;
				SDKROOT = macosx10.6;
			};
			name = Release;
		};
/* End XCBuildConfiguration section */

/* Begin XCConfigurationList section */
		C01FCF4A08A954540054247B /* Build configuration list for PBXNativeTarget "QuickDouban" */ = {
			isa = XCConfigurationList;
			buildConfigurations = (
				C01FCF4B08A954540054247B /* Debug */,
				C01FCF4C08A954540054247B /* Release */,
			);
			defaultConfigurationIsVisible = 0;
			defaultConfigurationName = Release;
		};
		C01FCF4E08A954540054247B /* Build configuration list for PBXProject "QuickDouban" */ = {
			isa = XCConfigurationList;
			buildConfigurations = (
				C01FCF4F08A954540054247B /* Debug */,
				C01FCF5008A954540054247B /* Release */,
			);
			defaultConfigurationIsVisible = 0;
			defaultConfigurationName = Release;
		};
/* End XCConfigurationList section */
	};
	rootObject = 29B97313FDCFA39411CA2CEA /* Project object */;
}
